
Microsoft Visual Studio Solution File, Format Version 12.00
# Visual Studio 2013
VisualStudioVersion = 12.0.30501.0
MinimumVisualStudioVersion = 10.0.40219.1
Project("{FAE04EC0-301F-11D3-BF4B-00C04F79EFBC}") = "TalkingWall", "TalkingWall\TalkingWall.csproj", "{9ABA49BD-DFCF-4D2F-BD75-29888C3D3B7A}"
EndProject
Project("{FAE04EC0-301F-11D3-BF4B-00C04F79EFBC}") = "TalkingWall.Domain", "TalkingWall.Domain\TalkingWall.Domain.csproj", "{9D0C3B37-457F-4AB1-A145-8296B1C3C35A}"
EndProject
Project("{FAE04EC0-301F-11D3-BF4B-00C04F79EFBC}") = "TalkingWall.UI.Presenters", "TalkingWall.UI.Controlers\TalkingWall.UI.Presenters.csproj", "{E247CB23-BAD8-40EB-97F6-36D9B0813B0A}"
EndProject
Project("{FAE04EC0-301F-11D3-BF4B-00C04F79EFBC}") = "TalkingWall.UI.Presenter.Tests", "TalkingWall.UI.Presenter.Tests\TalkingWall.UI.Presenter.Tests.csproj", "{B23F6967-5FE5-4972-AAAC-529E18F03F7E}"
EndProject
Project("{FAE04EC0-301F-11D3-BF4B-00C04F79EFBC}") = "TalkingWall.Data", "TalkingWall.Data\TalkingWall.Data.csproj", "{747E340E-6765-486D-A9E1-00AB4A927393}"
EndProject
Global
	GlobalSection(SolutionConfigurationPlatforms) = preSolution
		Debug|Any CPU = Debug|Any CPU
		Release|Any CPU = Release|Any CPU
	EndGlobalSection
	GlobalSection(ProjectConfigurationPlatforms) = postSolution
		{9ABA49BD-DFCF-4D2F-BD75-29888C3D3B7A}.Debug|Any CPU.ActiveCfg = Debug|Any CPU
		{9ABA49BD-DFCF-4D2F-BD75-29888C3D3B7A}.Debug|Any CPU.Build.0 = Debug|Any CPU
		{9ABA49BD-DFCF-4D2F-BD75-29888C3D3B7A}.Release|Any CPU.ActiveCfg = Release|Any CPU
		{9ABA49BD-DFCF-4D2F-BD75-29888C3D3B7A}.Release|Any CPU.Build.0 = Release|Any CPU
		{9D0C3B37-457F-4AB1-A145-8296B1C3C35A}.Debug|Any CPU.ActiveCfg = Debug|Any CPU
		{9D0C3B37-457F-4AB1-A145-8296B1C3C35A}.Debug|Any CPU.Build.0 = Debug|Any CPU
		{9D0C3B37-457F-4AB1-A145-8296B1C3C35A}.Release|Any CPU.ActiveCfg = Release|Any CPU
		{9D0C3B37-457F-4AB1-A145-8296B1C3C35A}.Release|Any CPU.Build.0 = Release|Any CPU
		{E247CB23-BAD8-40EB-97F6-36D9B0813B0A}.Debug|Any CPU.ActiveCfg = Debug|Any CPU
		{E247CB23-BAD8-40EB-97F6-36D9B0813B0A}.Debug|Any CPU.Build.0 = Debug|Any CPU
		{E247CB23-BAD8-40EB-97F6-36D9B0813B0A}.Release|Any CPU.ActiveCfg = Release|Any CPU
		{E247CB23-BAD8-40EB-97F6-36D9B0813B0A}.Release|Any CPU.Build.0 = Release|Any CPU
		{B23F6967-5FE5-4972-AAAC-529E18F03F7E}.Debug|Any CPU.ActiveCfg = Debug|Any CPU
		{B23F6967-5FE5-4972-AAAC-529E18F03F7E}.Debug|Any CPU.Build.0 = Debug|Any CPU
		{B23F6967-5FE5-4972-AAAC-529E18F03F7E}.Release|Any CPU.ActiveCfg = Release|Any CPU
		{B23F6967-5FE5-4972-AAAC-529E18F03F7E}.Release|Any CPU.Build.0 = Release|Any CPU
		{747E340E-6765-486D-A9E1-00AB4A927393}.Debug|Any CPU.ActiveCfg = Debug|Any CPU
		{747E340E-6765-486D-A9E1-00AB4A927393}.Debug|Any CPU.Build.0 = Debug|Any CPU
		{747E340E-6765-486D-A9E1-00AB4A927393}.Release|Any CPU.ActiveCfg = Release|Any CPU
		{747E340E-6765-486D-A9E1-00AB4A927393}.Release|Any CPU.Build.0 = Release|Any CPU
	EndGlobalSection
	GlobalSection(SolutionProperties) = preSolution
		HideSolutionNode = FALSE
	EndGlobalSection
EndGlobal
